
Microsoft Visual Studio Solution File, Format Version 12.00
# Visual Studio Version 16
VisualStudioVersion = 16.0.29728.190
MinimumVisualStudioVersion = 10.0.40219.1
Project("{888888A0-9F3D-457C-B088-3A5042F75D52}") = "SolarEye", "SolarEye\SolarEye.pyproj", "{076FE3A6-EB2E-4777-B9D0-BB942F163690}"
EndProject
Global
	GlobalSection(SolutionConfigurationPlatforms) = preSolution
		Debug|Any CPU = Debug|Any CPU
		Release|Any CPU = Release|Any CPU
	EndGlobalSection
	GlobalSection(ProjectConfigurationPlatforms) = postSolution
		{076FE3A6-EB2E-4777-B9D0-BB942F163690}.Debug|Any CPU.ActiveCfg = Debug|Any CPU
		{076FE3A6-EB2E-4777-B9D0-BB942F163690}.Release|Any CPU.ActiveCfg = Release|Any CPU
	EndGlobalSection
	GlobalSection(SolutionProperties) = preSolution
		HideSolutionNode = FALSE
	EndGlobalSection
	GlobalSection(ExtensibilityGlobals) = postSolution
		SolutionGuid = {3BFB45C0-352B-4474-873A-0B232CC94213}
	EndGlobalSection
EndGlobal
